// !$*UTF8*$!
{
	archiveVersion = 1;
	classes = {
	};
	objectVersion = 50;
	objects = {

/* Begin PBXBuildFile section */
		B55A1EAF240926D1001E45E3 /* CategoriesViewController.swift in Sources */ = {isa = PBXBuildFile; fileRef = B55A1EA9240926D1001E45E3 /* CategoriesViewController.swift */; };
		B55A1EB0240926D1001E45E3 /* CategoryTableViewCell.swift in Sources */ = {isa = PBXBuildFile; fileRef = B55A1EAA240926D1001E45E3 /* CategoryTableViewCell.swift */; };
		B55A1EB1240926D1001E45E3 /* AddCategoryViewController.swift in Sources */ = {isa = PBXBuildFile; fileRef = B55A1EAC240926D1001E45E3 /* AddCategoryViewController.swift */; };
		B55A1EB2240926D1001E45E3 /* CategoryViewController.swift in Sources */ = {isa = PBXBuildFile; fileRef = B55A1EAE240926D1001E45E3 /* CategoryViewController.swift */; };
		B55A1EB52409272A001E45E3 /* Categories.storyboard in Resources */ = {isa = PBXBuildFile; fileRef = B55A1EB32409272A001E45E3 /* Categories.storyboard */; };
		B55A1EB724092C4E001E45E3 /* UIColor.swift in Sources */ = {isa = PBXBuildFile; fileRef = B55A1EB624092C4E001E45E3 /* UIColor.swift */; };
		B57421342406CAA100EA3A98 /* NotesViewController.swift in Sources */ = {isa = PBXBuildFile; fileRef = B57421312406CAA100EA3A98 /* NotesViewController.swift */; };
		B57421352406CAA100EA3A98 /* AddNoteViewController.swift in Sources */ = {isa = PBXBuildFile; fileRef = B57421332406CAA100EA3A98 /* AddNoteViewController.swift */; };
		B57421382406CAC200EA3A98 /* Notes.storyboard in Resources */ = {isa = PBXBuildFile; fileRef = B57421362406CAC200EA3A98 /* Notes.storyboard */; };
		B574213C2406CAE200EA3A98 /* UIViewController.swift in Sources */ = {isa = PBXBuildFile; fileRef = B574213B2406CAE100EA3A98 /* UIViewController.swift */; };
		B59DF78D24063F7B002C184B /* CoreDataManager.swift in Sources */ = {isa = PBXBuildFile; fileRef = B59DF78C24063F7B002C184B /* CoreDataManager.swift */; };
		B59DF79224064A8C002C184B /* Notes.xcdatamodeld in Sources */ = {isa = PBXBuildFile; fileRef = B59DF79024064A8C002C184B /* Notes.xcdatamodeld */; };
		B5C6C25F2406371100BE0D97 /* AppDelegate.swift in Sources */ = {isa = PBXBuildFile; fileRef = B5C6C25E2406371100BE0D97 /* AppDelegate.swift */; };
		B5C6C2682406371300BE0D97 /* Assets.xcassets in Resources */ = {isa = PBXBuildFile; fileRef = B5C6C2672406371300BE0D97 /* Assets.xcassets */; };
		B5C6C26B2406371300BE0D97 /* LaunchScreen.storyboard in Resources */ = {isa = PBXBuildFile; fileRef = B5C6C2692406371300BE0D97 /* LaunchScreen.storyboard */; };
		B5FF73862407AAC500EEFF8F /* NoteTableViewCell.swift in Sources */ = {isa = PBXBuildFile; fileRef = B5FF73852407AAC500EEFF8F /* NoteTableViewCell.swift */; };
		B5FF73892407F9BB00EEFF8F /* NoteViewController.swift in Sources */ = {isa = PBXBuildFile; fileRef = B5FF73882407F9BB00EEFF8F /* NoteViewController.swift */; };
/* End PBXBuildFile section */

/* Begin PBXFileReference section */
		B55A1EA9240926D1001E45E3 /* CategoriesViewController.swift */ = {isa = PBXFileReference; fileEncoding = 4; lastKnownFileType = sourcecode.swift; path = CategoriesViewController.swift; sourceTree = "<group>"; };
		B55A1EAA240926D1001E45E3 /* CategoryTableViewCell.swift */ = {isa = PBXFileReference; fileEncoding = 4; lastKnownFileType = sourcecode.swift; path = CategoryTableViewCell.swift; sourceTree = "<group>"; };
		B55A1EAC240926D1001E45E3 /* AddCategoryViewController.swift */ = {isa = PBXFileReference; fileEncoding = 4; lastKnownFileType = sourcecode.swift; path = AddCategoryViewController.swift; sourceTree = "<group>"; };
		B55A1EAE240926D1001E45E3 /* CategoryViewController.swift */ = {isa = PBXFileReference; fileEncoding = 4; lastKnownFileType = sourcecode.swift; path = CategoryViewController.swift; sourceTree = "<group>"; };
		B55A1EB42409272A001E45E3 /* Base */ = {isa = PBXFileReference; lastKnownFileType = file.storyboard; name = Base; path = Base.lproj/Categories.storyboard; sourceTree = "<group>"; };
		B55A1EB624092C4E001E45E3 /* UIColor.swift */ = {isa = PBXFileReference; fileEncoding = 4; lastKnownFileType = sourcecode.swift; path = UIColor.swift; sourceTree = "<group>"; };
		B57421312406CAA100EA3A98 /* NotesViewController.swift */ = {isa = PBXFileReference; fileEncoding = 4; lastKnownFileType = sourcecode.swift; path = NotesViewController.swift; sourceTree = "<group>"; };
		B57421332406CAA100EA3A98 /* AddNoteViewController.swift */ = {isa = PBXFileReference; fileEncoding = 4; lastKnownFileType = sourcecode.swift; path = AddNoteViewController.swift; sourceTree = "<group>"; };
		B57421372406CAC200EA3A98 /* Base */ = {isa = PBXFileReference; lastKnownFileType = file.storyboard; name = Base; path = Base.lproj/Notes.storyboard; sourceTree = "<group>"; };
		B574213B2406CAE100EA3A98 /* UIViewController.swift */ = {isa = PBXFileReference; fileEncoding = 4; lastKnownFileType = sourcecode.swift; path = UIViewController.swift; sourceTree = "<group>"; };
		B59DF78C24063F7B002C184B /* CoreDataManager.swift */ = {isa = PBXFileReference; lastKnownFileType = sourcecode.swift; path = CoreDataManager.swift; sourceTree = "<group>"; };
		B59DF79124064A8C002C184B /* Notes.xcdatamodel */ = {isa = PBXFileReference; lastKnownFileType = wrapper.xcdatamodel; path = Notes.xcdatamodel; sourceTree = "<group>"; };
		B5C6C25B2406371100BE0D97 /* MCD-Notes.app */ = {isa = PBXFileReference; explicitFileType = wrapper.application; includeInIndex = 0; path = "MCD-Notes.app"; sourceTree = BUILT_PRODUCTS_DIR; };
		B5C6C25E2406371100BE0D97 /* AppDelegate.swift */ = {isa = PBXFileReference; lastKnownFileType = sourcecode.swift; path = AppDelegate.swift; sourceTree = "<group>"; };
		B5C6C2672406371300BE0D97 /* Assets.xcassets */ = {isa = PBXFileReference; lastKnownFileType = folder.assetcatalog; path = Assets.xcassets; sourceTree = "<group>"; };
		B5C6C26A2406371300BE0D97 /* Base */ = {isa = PBXFileReference; lastKnownFileType = file.storyboard; name = Base; path = Base.lproj/LaunchScreen.storyboard; sourceTree = "<group>"; };
		B5C6C26C2406371300BE0D97 /* Info.plist */ = {isa = PBXFileReference; lastKnownFileType = text.plist.xml; path = Info.plist; sourceTree = "<group>"; };
		B5FF73852407AAC500EEFF8F /* NoteTableViewCell.swift */ = {isa = PBXFileReference; fileEncoding = 4; lastKnownFileType = sourcecode.swift; path = NoteTableViewCell.swift; sourceTree = "<group>"; };
		B5FF73882407F9BB00EEFF8F /* NoteViewController.swift */ = {isa = PBXFileReference; fileEncoding = 4; lastKnownFileType = sourcecode.swift; path = NoteViewController.swift; sourceTree = "<group>"; };
/* End PBXFileReference section */

/* Begin PBXFrameworksBuildPhase section */
		B5C6C2582406371100BE0D97 /* Frameworks */ = {
			isa = PBXFrameworksBuildPhase;
			buildActionMask = 2147483647;
			files = (
			);
			runOnlyForDeploymentPostprocessing = 0;
		};
/* End PBXFrameworksBuildPhase section */

/* Begin PBXGroup section */
		B55A1EA7240926D1001E45E3 /* Categories */ = {
			isa = PBXGroup;
			children = (
				B55A1EA8240926D1001E45E3 /* Categories View Controller */,
				B55A1EAB240926D1001E45E3 /* Add Category View Controller */,
				B55A1EAD240926D1001E45E3 /* Category View Controller */,
			);
			path = Categories;
			sourceTree = "<group>";
		};
		B55A1EA8240926D1001E45E3 /* Categories View Controller */ = {
			isa = PBXGroup;
			children = (
				B55A1EA9240926D1001E45E3 /* CategoriesViewController.swift */,
				B55A1EAA240926D1001E45E3 /* CategoryTableViewCell.swift */,
			);
			path = "Categories View Controller";
			sourceTree = "<group>";
		};
		B55A1EAB240926D1001E45E3 /* Add Category View Controller */ = {
			isa = PBXGroup;
			children = (
				B55A1EAC240926D1001E45E3 /* AddCategoryViewController.swift */,
			);
			path = "Add Category View Controller";
			sourceTree = "<group>";
		};
		B55A1EAD240926D1001E45E3 /* Category View Controller */ = {
			isa = PBXGroup;
			children = (
				B55A1EAE240926D1001E45E3 /* CategoryViewController.swift */,
			);
			path = "Category View Controller";
			sourceTree = "<group>";
		};
		B574212F2406CAA100EA3A98 /* Notes */ = {
			isa = PBXGroup;
			children = (
				B5FF73872407F9BB00EEFF8F /* Note View Controller */,
				B57421302406CAA100EA3A98 /* Notes View Controller */,
				B57421322406CAA100EA3A98 /* Add Note View Controller */,
			);
			path = Notes;
			sourceTree = "<group>";
		};
		B57421302406CAA100EA3A98 /* Notes View Controller */ = {
			isa = PBXGroup;
			children = (
				B5FF73842407AAC500EEFF8F /* Table View Cells */,
				B57421312406CAA100EA3A98 /* NotesViewController.swift */,
			);
			path = "Notes View Controller";
			sourceTree = "<group>";
		};
		B57421322406CAA100EA3A98 /* Add Note View Controller */ = {
			isa = PBXGroup;
			children = (
				B57421332406CAA100EA3A98 /* AddNoteViewController.swift */,
			);
			path = "Add Note View Controller";
			sourceTree = "<group>";
		};
		B574213A2406CAE100EA3A98 /* Extensions */ = {
			isa = PBXGroup;
			children = (
				B55A1EB624092C4E001E45E3 /* UIColor.swift */,
				B574213B2406CAE100EA3A98 /* UIViewController.swift */,
			);
			path = Extensions;
			sourceTree = "<group>";
		};
		B59DF78524063A4E002C184B /* Application Delegate */ = {
			isa = PBXGroup;
			children = (
				B5C6C25E2406371100BE0D97 /* AppDelegate.swift */,
			);
			path = "Application Delegate";
			sourceTree = "<group>";
		};
		B59DF78624063A5E002C184B /* View Controllers */ = {
			isa = PBXGroup;
			children = (
				B55A1EA7240926D1001E45E3 /* Categories */,
				B574212F2406CAA100EA3A98 /* Notes */,
			);
			path = "View Controllers";
			sourceTree = "<group>";
		};
		B59DF78824063A7B002C184B /* Storyboards */ = {
			isa = PBXGroup;
			children = (
				B55A1EB32409272A001E45E3 /* Categories.storyboard */,
				B57421362406CAC200EA3A98 /* Notes.storyboard */,
				B5C6C2692406371300BE0D97 /* LaunchScreen.storyboard */,
			);
			path = Storyboards;
			sourceTree = "<group>";
		};
		B59DF78924063A82002C184B /* Resources */ = {
			isa = PBXGroup;
			children = (
				B5C6C2672406371300BE0D97 /* Assets.xcassets */,
			);
			path = Resources;
			sourceTree = "<group>";
		};
		B59DF78A24063A8B002C184B /* Supporting Files */ = {
			isa = PBXGroup;
			children = (
				B5C6C26C2406371300BE0D97 /* Info.plist */,
			);
			path = "Supporting Files";
			sourceTree = "<group>";
		};
		B59DF78B24063F27002C184B /* Managers */ = {
			isa = PBXGroup;
			children = (
				B59DF78C24063F7B002C184B /* CoreDataManager.swift */,
			);
			path = Managers;
			sourceTree = "<group>";
		};
		B59DF78F24064A1A002C184B /* Core Data */ = {
			isa = PBXGroup;
			children = (
				B59DF79024064A8C002C184B /* Notes.xcdatamodeld */,
			);
			path = "Core Data";
			sourceTree = "<group>";
		};
		B5C6C2522406371100BE0D97 = {
			isa = PBXGroup;
			children = (
				B5C6C25D2406371100BE0D97 /* MCD-Notes */,
				B5C6C25C2406371100BE0D97 /* Products */,
			);
			sourceTree = "<group>";
		};
		B5C6C25C2406371100BE0D97 /* Products */ = {
			isa = PBXGroup;
			children = (
				B5C6C25B2406371100BE0D97 /* MCD-Notes.app */,
			);
			name = Products;
			sourceTree = "<group>";
		};
		B5C6C25D2406371100BE0D97 /* MCD-Notes */ = {
			isa = PBXGroup;
			children = (
				B59DF78524063A4E002C184B /* Application Delegate */,
				B59DF78624063A5E002C184B /* View Controllers */,
				B59DF78824063A7B002C184B /* Storyboards */,
				B574213A2406CAE100EA3A98 /* Extensions */,
				B59DF78924063A82002C184B /* Resources */,
				B59DF78B24063F27002C184B /* Managers */,
				B59DF78F24064A1A002C184B /* Core Data */,
				B59DF78A24063A8B002C184B /* Supporting Files */,
			);
			path = "MCD-Notes";
			sourceTree = "<group>";
		};
		B5FF73842407AAC500EEFF8F /* Table View Cells */ = {
			isa = PBXGroup;
			children = (
				B5FF73852407AAC500EEFF8F /* NoteTableViewCell.swift */,
			);
			path = "Table View Cells";
			sourceTree = "<group>";
		};
		B5FF73872407F9BB00EEFF8F /* Note View Controller */ = {
			isa = PBXGroup;
			children = (
				B5FF73882407F9BB00EEFF8F /* NoteViewController.swift */,
			);
			path = "Note View Controller";
			sourceTree = "<group>";
		};
/* End PBXGroup section */

/* Begin PBXNativeTarget section */
		B5C6C25A2406371100BE0D97 /* MCD-Notes */ = {
			isa = PBXNativeTarget;
			buildConfigurationList = B5C6C26F2406371300BE0D97 /* Build configuration list for PBXNativeTarget "MCD-Notes" */;
			buildPhases = (
				B5C6C2572406371100BE0D97 /* Sources */,
				B5C6C2582406371100BE0D97 /* Frameworks */,
				B5C6C2592406371100BE0D97 /* Resources */,
			);
			buildRules = (
			);
			dependencies = (
			);
			name = "MCD-Notes";
			productName = "MCD-Notes";
			productReference = B5C6C25B2406371100BE0D97 /* MCD-Notes.app */;
			productType = "com.apple.product-type.application";
		};
/* End PBXNativeTarget section */

/* Begin PBXProject section */
		B5C6C2532406371100BE0D97 /* Project object */ = {
			isa = PBXProject;
			attributes = {
				LastSwiftUpdateCheck = 1130;
				LastUpgradeCheck = 1130;
				ORGANIZATIONNAME = "Konstantin Ionin";
				TargetAttributes = {
					B5C6C25A2406371100BE0D97 = {
						CreatedOnToolsVersion = 11.3;
					};
				};
			};
			buildConfigurationList = B5C6C2562406371100BE0D97 /* Build configuration list for PBXProject "MCD-Notes" */;
			compatibilityVersion = "Xcode 9.3";
			developmentRegion = en;
			hasScannedForEncodings = 0;
			knownRegions = (
				en,
				Base,
			);
			mainGroup = B5C6C2522406371100BE0D97;
			productRefGroup = B5C6C25C2406371100BE0D97 /* Products */;
			projectDirPath = "";
			projectRoot = "";
			targets = (
				B5C6C25A2406371100BE0D97 /* MCD-Notes */,
			);
		};
/* End PBXProject section */

/* Begin PBXResourcesBuildPhase section */
		B5C6C2592406371100BE0D97 /* Resources */ = {
			isa = PBXResourcesBuildPhase;
			buildActionMask = 2147483647;
			files = (
				B57421382406CAC200EA3A98 /* Notes.storyboard in Resources */,
				B5C6C26B2406371300BE0D97 /* LaunchScreen.storyboard in Resources */,
				B55A1EB52409272A001E45E3 /* Categories.storyboard in Resources */,
				B5C6C2682406371300BE0D97 /* Assets.xcassets in Resources */,
			);
			runOnlyForDeploymentPostprocessing = 0;
		};
/* End PBXResourcesBuildPhase section */

/* Begin PBXSourcesBuildPhase section */
		B5C6C2572406371100BE0D97 /* Sources */ = {
			isa = PBXSourcesBuildPhase;
			buildActionMask = 2147483647;
			files = (
				B5FF73892407F9BB00EEFF8F /* NoteViewController.swift in Sources */,
				B57421342406CAA100EA3A98 /* NotesViewController.swift in Sources */,
				B55A1EAF240926D1001E45E3 /* CategoriesViewController.swift in Sources */,
				B59DF78D24063F7B002C184B /* CoreDataManager.swift in Sources */,
				B55A1EB2240926D1001E45E3 /* CategoryViewController.swift in Sources */,
				B574213C2406CAE200EA3A98 /* UIViewController.swift in Sources */,
				B55A1EB0240926D1001E45E3 /* CategoryTableViewCell.swift in Sources */,
				B5C6C25F2406371100BE0D97 /* AppDelegate.swift in Sources */,
				B57421352406CAA100EA3A98 /* AddNoteViewController.swift in Sources */,
				B55A1EB724092C4E001E45E3 /* UIColor.swift in Sources */,
				B5FF73862407AAC500EEFF8F /* NoteTableViewCell.swift in Sources */,
				B59DF79224064A8C002C184B /* Notes.xcdatamodeld in Sources */,
				B55A1EB1240926D1001E45E3 /* AddCategoryViewController.swift in Sources */,
			);
			runOnlyForDeploymentPostprocessing = 0;
		};
/* End PBXSourcesBuildPhase section */

/* Begin PBXVariantGroup section */
		B55A1EB32409272A001E45E3 /* Categories.storyboard */ = {
			isa = PBXVariantGroup;
			children = (
				B55A1EB42409272A001E45E3 /* Base */,
			);
			name = Categories.storyboard;
			sourceTree = "<group>";
		};
		B57421362406CAC200EA3A98 /* Notes.storyboard */ = {
			isa = PBXVariantGroup;
			children = (
				B57421372406CAC200EA3A98 /* Base */,
			);
			name = Notes.storyboard;
			sourceTree = "<group>";
		};
		B5C6C2692406371300BE0D97 /* LaunchScreen.storyboard */ = {
			isa = PBXVariantGroup;
			children = (
				B5C6C26A2406371300BE0D97 /* Base */,
			);
			name = LaunchScreen.storyboard;
			sourceTree = "<group>";
		};
/* End PBXVariantGroup section */

/* Begin XCBuildConfiguration section */
		B5C6C26D2406371300BE0D97 /* Debug */ = {
			isa = XCBuildConfiguration;
			buildSettings = {
				ALWAYS_SEARCH_USER_PATHS = NO;
				CLANG_ANALYZER_NONNULL = YES;
				CLANG_ANALYZER_NUMBER_OBJECT_CONVERSION = YES_AGGRESSIVE;
				CLANG_CXX_LANGUAGE_STANDARD = "gnu++14";
				CLANG_CXX_LIBRARY = "libc++";
				CLANG_ENABLE_MODULES = YES;
				CLANG_ENABLE_OBJC_ARC = YES;
				CLANG_ENABLE_OBJC_WEAK = YES;
				CLANG_WARN_BLOCK_CAPTURE_AUTORELEASING = YES;
				CLANG_WARN_BOOL_CONVERSION = YES;
				CLANG_WARN_COMMA = YES;
				CLANG_WARN_CONSTANT_CONVERSION = YES;
				CLANG_WARN_DEPRECATED_OBJC_IMPLEMENTATIONS = YES;
				CLANG_WARN_DIRECT_OBJC_ISA_USAGE = YES_ERROR;
				CLANG_WARN_DOCUMENTATION_COMMENTS = YES;
				CLANG_WARN_EMPTY_BODY = YES;
				CLANG_WARN_ENUM_CONVERSION = YES;
				CLANG_WARN_INFINITE_RECURSION = YES;
				CLANG_WARN_INT_CONVERSION = YES;
				CLANG_WARN_NON_LITERAL_NULL_CONVERSION = YES;
				CLANG_WARN_OBJC_IMPLICIT_RETAIN_SELF = YES;
				CLANG_WARN_OBJC_LITERAL_CONVERSION = YES;
				CLANG_WARN_OBJC_ROOT_CLASS = YES_ERROR;
				CLANG_WARN_RANGE_LOOP_ANALYSIS = YES;
				CLANG_WARN_STRICT_PROTOTYPES = YES;
				CLANG_WARN_SUSPICIOUS_MOVE = YES;
				CLANG_WARN_UNGUARDED_AVAILABILITY = YES_AGGRESSIVE;
				CLANG_WARN_UNREACHABLE_CODE = YES;
				CLANG_WARN__DUPLICATE_METHOD_MATCH = YES;
				COPY_PHASE_STRIP = NO;
				DEBUG_INFORMATION_FORMAT = dwarf;
				ENABLE_STRICT_OBJC_MSGSEND = YES;
				ENABLE_TESTABILITY = YES;
				GCC_C_LANGUAGE_STANDARD = gnu11;
				GCC_DYNAMIC_NO_PIC = NO;
				GCC_NO_COMMON_BLOCKS = YES;
				GCC_OPTIMIZATION_LEVEL = 0;
				GCC_PREPROCESSOR_DEFINITIONS = (
					"DEBUG=1",
					"$(inherited)",
				);
				GCC_WARN_64_TO_32_BIT_CONVERSION = YES;
				GCC_WARN_ABOUT_RETURN_TYPE = YES_ERROR;
				GCC_WARN_UNDECLARED_SELECTOR = YES;
				GCC_WARN_UNINITIALIZED_AUTOS = YES_AGGRESSIVE;
				GCC_WARN_UNUSED_FUNCTION = YES;
				GCC_WARN_UNUSED_VARIABLE = YES;
				IPHONEOS_DEPLOYMENT_TARGET = 10.0;
				MTL_ENABLE_DEBUG_INFO = INCLUDE_SOURCE;
				MTL_FAST_MATH = YES;
				ONLY_ACTIVE_ARCH = YES;
				SDKROOT = iphoneos;
				SWIFT_ACTIVE_COMPILATION_CONDITIONS = DEBUG;
				SWIFT_OPTIMIZATION_LEVEL = "-Onone";
			};
			name = Debug;
		};
		B5C6C26E2406371300BE0D97 /* Release */ = {
			isa = XCBuildConfiguration;
			buildSettings = {
				ALWAYS_SEARCH_USER_PATHS = NO;
				CLANG_ANALYZER_NONNULL = YES;
				CLANG_ANALYZER_NUMBER_OBJECT_CONVERSION = YES_AGGRESSIVE;
				CLANG_CXX_LANGUAGE_STANDARD = "gnu++14";
				CLANG_CXX_LIBRARY = "libc++";
				CLANG_ENABLE_MODULES = YES;
				CLANG_ENABLE_OBJC_ARC = YES;
				CLANG_ENABLE_OBJC_WEAK = YES;
				CLANG_WARN_BLOCK_CAPTURE_AUTORELEASING = YES;
				CLANG_WARN_BOOL_CONVERSION = YES;
				CLANG_WARN_COMMA = YES;
				CLANG_WARN_CONSTANT_CONVERSION = YES;
				CLANG_WARN_DEPRECATED_OBJC_IMPLEMENTATIONS = YES;
				CLANG_WARN_DIRECT_OBJC_ISA_USAGE = YES_ERROR;
				CLANG_WARN_DOCUMENTATION_COMMENTS = YES;
				CLANG_WARN_EMPTY_BODY = YES;
				CLANG_WARN_ENUM_CONVERSION = YES;
				CLANG_WARN_INFINITE_RECURSION = YES;
				CLANG_WARN_INT_CONVERSION = YES;
				CLANG_WARN_NON_LITERAL_NULL_CONVERSION = YES;
				CLANG_WARN_OBJC_IMPLICIT_RETAIN_SELF = YES;
				CLANG_WARN_OBJC_LITERAL_CONVERSION = YES;
				CLANG_WARN_OBJC_ROOT_CLASS = YES_ERROR;
				CLANG_WARN_RANGE_LOOP_ANALYSIS = YES;
				CLANG_WARN_STRICT_PROTOTYPES = YES;
				CLANG_WARN_SUSPICIOUS_MOVE = YES;
				CLANG_WARN_UNGUARDED_AVAILABILITY = YES_AGGRESSIVE;
				CLANG_WARN_UNREACHABLE_CODE = YES;
				CLANG_WARN__DUPLICATE_METHOD_MATCH = YES;
				COPY_PHASE_STRIP = NO;
				DEBUG_INFORMATION_FORMAT = "dwarf-with-dsym";
				ENABLE_NS_ASSERTIONS = NO;
				ENABLE_STRICT_OBJC_MSGSEND = YES;
				GCC_C_LANGUAGE_STANDARD = gnu11;
				GCC_NO_COMMON_BLOCKS = YES;
				GCC_WARN_64_TO_32_BIT_CONVERSION = YES;
				GCC_WARN_ABOUT_RETURN_TYPE = YES_ERROR;
				GCC_WARN_UNDECLARED_SELECTOR = YES;
				GCC_WARN_UNINITIALIZED_AUTOS = YES_AGGRESSIVE;
				GCC_WARN_UNUSED_FUNCTION = YES;
				GCC_WARN_UNUSED_VARIABLE = YES;
				IPHONEOS_DEPLOYMENT_TARGET = 10.0;
				MTL_ENABLE_DEBUG_INFO = NO;
				MTL_FAST_MATH = YES;
				SDKROOT = iphoneos;
				SWIFT_COMPILATION_MODE = wholemodule;
				SWIFT_OPTIMIZATION_LEVEL = "-O";
				VALIDATE_PRODUCT = YES;
			};
			name = Release;
		};
		B5C6C2702406371300BE0D97 /* Debug */ = {
			isa = XCBuildConfiguration;
			buildSettings = {
				ASSETCATALOG_COMPILER_APPICON_NAME = AppIcon;
				CODE_SIGN_STYLE = Automatic;
				DEVELOPMENT_TEAM = J246HBQE3Y;
				INFOPLIST_FILE = "MCD-Notes/Supporting Files/Info.plist";
				LD_RUNPATH_SEARCH_PATHS = (
					"$(inherited)",
					"@executable_path/Frameworks",
				);
				PRODUCT_BUNDLE_IDENTIFIER = "com.konstantin.ionin.MCD-Notes";
				PRODUCT_NAME = "$(TARGET_NAME)";
				SWIFT_VERSION = 5.0;
				TARGETED_DEVICE_FAMILY = "1,2";
			};
			name = Debug;
		};
		B5C6C2712406371300BE0D97 /* Release */ = {
			isa = XCBuildConfiguration;
			buildSettings = {
				ASSETCATALOG_COMPILER_APPICON_NAME = AppIcon;
				CODE_SIGN_STYLE = Automatic;
				DEVELOPMENT_TEAM = J246HBQE3Y;
				INFOPLIST_FILE = "MCD-Notes/Supporting Files/Info.plist";
				LD_RUNPATH_SEARCH_PATHS = (
					"$(inherited)",
					"@executable_path/Frameworks",
				);
				PRODUCT_BUNDLE_IDENTIFIER = "com.konstantin.ionin.MCD-Notes";
				PRODUCT_NAME = "$(TARGET_NAME)";
				SWIFT_VERSION = 5.0;
				TARGETED_DEVICE_FAMILY = "1,2";
			};
			name = Release;
		};
/* End XCBuildConfiguration section */

/* Begin XCConfigurationList section */
		B5C6C2562406371100BE0D97 /* Build configuration list for PBXProject "MCD-Notes" */ = {
			isa = XCConfigurationList;
			buildConfigurations = (
				B5C6C26D2406371300BE0D97 /* Debug */,
				B5C6C26E2406371300BE0D97 /* Release */,
			);
			defaultConfigurationIsVisible = 0;
			defaultConfigurationName = Release;
		};
		B5C6C26F2406371300BE0D97 /* Build configuration list for PBXNativeTarget "MCD-Notes" */ = {
			isa = XCConfigurationList;
			buildConfigurations = (
				B5C6C2702406371300BE0D97 /* Debug */,
				B5C6C2712406371300BE0D97 /* Release */,
			);
			defaultConfigurationIsVisible = 0;
			defaultConfigurationName = Release;
		};
/* End XCConfigurationList section */

/* Begin XCVersionGroup section */
		B59DF79024064A8C002C184B /* Notes.xcdatamodeld */ = {
			isa = XCVersionGroup;
			children = (
				B59DF79124064A8C002C184B /* Notes.xcdatamodel */,
			);
			currentVersion = B59DF79124064A8C002C184B /* Notes.xcdatamodel */;
			path = Notes.xcdatamodeld;
			sourceTree = "<group>";
			versionGroupType = wrapper.xcdatamodel;
		};
/* End XCVersionGroup section */
	};
	rootObject = B5C6C2532406371100BE0D97 /* Project object */;
}
